
Microsoft Visual Studio Solution File, Format Version 12.00
# Visual Studio Version 17
VisualStudioVersion = 17.0.31903.59
MinimumVisualStudioVersion = 10.0.40219.1
Project("{2150E333-8FDC-42A3-9474-1A3956D46DE8}") = "src", "src", "{21DE1DF0-A55E-46CE-A2B0-334BFB8E2016}"
EndProject
Project("{FAE04EC0-301F-11D3-BF4B-00C04F79EFBC}") = "Mixline.Core", "src\Core\Mixline.Core.csproj", "{73EEE49E-6AC7-4401-877B-B14544A63F36}"
EndProject
Project("{FAE04EC0-301F-11D3-BF4B-00C04F79EFBC}") = "Mixline.Logging", "src\Logging\Mixline.Logging.csproj", "{6441BD71-33E3-4958-A739-5BAC8A02EAF0}"
EndProject
Project("{FAE04EC0-301F-11D3-BF4B-00C04F79EFBC}") = "Mixline.Storage", "src\Storage\Mixline.Storage.csproj", "{7BEFAEAD-2533-48EC-9429-A0ED6658EB99}"
EndProject
Project("{FAE04EC0-301F-11D3-BF4B-00C04F79EFBC}") = "Mixline.Audio", "src\Audio\Mixline.Audio.csproj", "{66532C86-06D6-403C-9F23-EBD5597AAE61}"
EndProject
Project("{FAE04EC0-301F-11D3-BF4B-00C04F79EFBC}") = "Mixline.Soundboard", "src\Soundboard\Mixline.Soundboard.csproj", "{BDCB8224-CB1B-4628-AA20-53D66AD20294}"
EndProject
Project("{FAE04EC0-301F-11D3-BF4B-00C04F79EFBC}") = "Mixline.Spotify", "src\Spotify\Mixline.Spotify.csproj", "{D77DEB2E-4ECC-4D99-B928-3E7F4E92951B}"
EndProject
Project("{FAE04EC0-301F-11D3-BF4B-00C04F79EFBC}") = "Mixline.IPC", "src\IPC\Mixline.IPC.csproj", "{FB7074E8-6D78-4359-8BE5-B2656185021D}"
EndProject
Project("{FAE04EC0-301F-11D3-BF4B-00C04F79EFBC}") = "Mixline.App", "src\UI\Mixline.App.csproj", "{91C280A6-F4D7-494E-BEA1-F6C46D9F1B0E}"
EndProject
Project("{2150E333-8FDC-42A3-9474-1A3956D46DE8}") = "tests", "tests", "{97325E28-594B-4D33-9473-12ABDB314248}"
EndProject
Project("{FAE04EC0-301F-11D3-BF4B-00C04F79EFBC}") = "Mixline.Tests", "tests\Mixline.Tests\Mixline.Tests.csproj", "{B440DD5A-E47D-498B-B332-C8E2910D0E55}"
EndProject
Global
	GlobalSection(SolutionConfigurationPlatforms) = preSolution
		Debug|Any CPU = Debug|Any CPU
		Release|Any CPU = Release|Any CPU
	EndGlobalSection
	GlobalSection(SolutionProperties) = preSolution
		HideSolutionNode = FALSE
	EndGlobalSection
	GlobalSection(ProjectConfigurationPlatforms) = postSolution
		{73EEE49E-6AC7-4401-877B-B14544A63F36}.Debug|Any CPU.ActiveCfg = Debug|Any CPU
		{73EEE49E-6AC7-4401-877B-B14544A63F36}.Debug|Any CPU.Build.0 = Debug|Any CPU
		{73EEE49E-6AC7-4401-877B-B14544A63F36}.Release|Any CPU.ActiveCfg = Release|Any CPU
		{73EEE49E-6AC7-4401-877B-B14544A63F36}.Release|Any CPU.Build.0 = Release|Any CPU
		{6441BD71-33E3-4958-A739-5BAC8A02EAF0}.Debug|Any CPU.ActiveCfg = Debug|Any CPU
		{6441BD71-33E3-4958-A739-5BAC8A02EAF0}.Debug|Any CPU.Build.0 = Debug|Any CPU
		{6441BD71-33E3-4958-A739-5BAC8A02EAF0}.Release|Any CPU.ActiveCfg = Release|Any CPU
		{6441BD71-33E3-4958-A739-5BAC8A02EAF0}.Release|Any CPU.Build.0 = Release|Any CPU
		{7BEFAEAD-2533-48EC-9429-A0ED6658EB99}.Debug|Any CPU.ActiveCfg = Debug|Any CPU
		{7BEFAEAD-2533-48EC-9429-A0ED6658EB99}.Debug|Any CPU.Build.0 = Debug|Any CPU
		{7BEFAEAD-2533-48EC-9429-A0ED6658EB99}.Release|Any CPU.ActiveCfg = Release|Any CPU
		{7BEFAEAD-2533-48EC-9429-A0ED6658EB99}.Release|Any CPU.Build.0 = Release|Any CPU
		{66532C86-06D6-403C-9F23-EBD5597AAE61}.Debug|Any CPU.ActiveCfg = Debug|Any CPU
		{66532C86-06D6-403C-9F23-EBD5597AAE61}.Debug|Any CPU.Build.0 = Debug|Any CPU
		{66532C86-06D6-403C-9F23-EBD5597AAE61}.Release|Any CPU.ActiveCfg = Release|Any CPU
		{66532C86-06D6-403C-9F23-EBD5597AAE61}.Release|Any CPU.Build.0 = Release|Any CPU
		{BDCB8224-CB1B-4628-AA20-53D66AD20294}.Debug|Any CPU.ActiveCfg = Debug|Any CPU
		{BDCB8224-CB1B-4628-AA20-53D66AD20294}.Debug|Any CPU.Build.0 = Debug|Any CPU
		{BDCB8224-CB1B-4628-AA20-53D66AD20294}.Release|Any CPU.ActiveCfg = Release|Any CPU
		{BDCB8224-CB1B-4628-AA20-53D66AD20294}.Release|Any CPU.Build.0 = Release|Any CPU
		{D77DEB2E-4ECC-4D99-B928-3E7F4E92951B}.Debug|Any CPU.ActiveCfg = Debug|Any CPU
		{D77DEB2E-4ECC-4D99-B928-3E7F4E92951B}.Debug|Any CPU.Build.0 = Debug|Any CPU
		{D77DEB2E-4ECC-4D99-B928-3E7F4E92951B}.Release|Any CPU.ActiveCfg = Release|Any CPU
		{D77DEB2E-4ECC-4D99-B928-3E7F4E92951B}.Release|Any CPU.Build.0 = Release|Any CPU
		{FB7074E8-6D78-4359-8BE5-B2656185021D}.Debug|Any CPU.ActiveCfg = Debug|Any CPU
		{FB7074E8-6D78-4359-8BE5-B2656185021D}.Debug|Any CPU.Build.0 = Debug|Any CPU
		{FB7074E8-6D78-4359-8BE5-B2656185021D}.Release|Any CPU.ActiveCfg = Release|Any CPU
		{FB7074E8-6D78-4359-8BE5-B2656185021D}.Release|Any CPU.Build.0 = Release|Any CPU
		{91C280A6-F4D7-494E-BEA1-F6C46D9F1B0E}.Debug|Any CPU.ActiveCfg = Debug|Any CPU
		{91C280A6-F4D7-494E-BEA1-F6C46D9F1B0E}.Debug|Any CPU.Build.0 = Debug|Any CPU
		{91C280A6-F4D7-494E-BEA1-F6C46D9F1B0E}.Release|Any CPU.ActiveCfg = Release|Any CPU
		{91C280A6-F4D7-494E-BEA1-F6C46D9F1B0E}.Release|Any CPU.Build.0 = Release|Any CPU
		{B440DD5A-E47D-498B-B332-C8E2910D0E55}.Debug|Any CPU.ActiveCfg = Debug|Any CPU
		{B440DD5A-E47D-498B-B332-C8E2910D0E55}.Debug|Any CPU.Build.0 = Debug|Any CPU
		{B440DD5A-E47D-498B-B332-C8E2910D0E55}.Release|Any CPU.ActiveCfg = Release|Any CPU
		{B440DD5A-E47D-498B-B332-C8E2910D0E55}.Release|Any CPU.Build.0 = Release|Any CPU
	EndGlobalSection
	GlobalSection(NestedProjects) = preSolution
		{73EEE49E-6AC7-4401-877B-B14544A63F36} = {21DE1DF0-A55E-46CE-A2B0-334BFB8E2016}
		{6441BD71-33E3-4958-A739-5BAC8A02EAF0} = {21DE1DF0-A55E-46CE-A2B0-334BFB8E2016}
		{7BEFAEAD-2533-48EC-9429-A0ED6658EB99} = {21DE1DF0-A55E-46CE-A2B0-334BFB8E2016}
		{66532C86-06D6-403C-9F23-EBD5597AAE61} = {21DE1DF0-A55E-46CE-A2B0-334BFB8E2016}
		{BDCB8224-CB1B-4628-AA20-53D66AD20294} = {21DE1DF0-A55E-46CE-A2B0-334BFB8E2016}
		{D77DEB2E-4ECC-4D99-B928-3E7F4E92951B} = {21DE1DF0-A55E-46CE-A2B0-334BFB8E2016}
		{FB7074E8-6D78-4359-8BE5-B2656185021D} = {21DE1DF0-A55E-46CE-A2B0-334BFB8E2016}
		{91C280A6-F4D7-494E-BEA1-F6C46D9F1B0E} = {21DE1DF0-A55E-46CE-A2B0-334BFB8E2016}
		{B440DD5A-E47D-498B-B332-C8E2910D0E55} = {97325E28-594B-4D33-9473-12ABDB314248}
	EndGlobalSection
EndGlobal
